
Microsoft Visual Studio Solution File, Format Version 12.00
# Visual Studio Version 16
VisualStudioVersion = 16.0.30011.22
MinimumVisualStudioVersion = 10.0.40219.1
Project("{9A19103F-16F7-4668-BE54-9A1E7A4F7556}") = "Transistor.AzureSql.Exporter", "Transistor.AzureSql.Exporter\Transistor.AzureSql.Exporter.csproj", "{BD870E3B-0495-4C33-840F-FD73F713817B}"
EndProject
Global
	GlobalSection(SolutionConfigurationPlatforms) = preSolution
		Debug|Any CPU = Debug|Any CPU
		Release|Any CPU = Release|Any CPU
	EndGlobalSection
	GlobalSection(ProjectConfigurationPlatforms) = postSolution
		{BD870E3B-0495-4C33-840F-FD73F713817B}.Debug|Any CPU.ActiveCfg = Debug|Any CPU
		{BD870E3B-0495-4C33-840F-FD73F713817B}.Debug|Any CPU.Build.0 = Debug|Any CPU
		{BD870E3B-0495-4C33-840F-FD73F713817B}.Release|Any CPU.ActiveCfg = Release|Any CPU
		{BD870E3B-0495-4C33-840F-FD73F713817B}.Release|Any CPU.Build.0 = Release|Any CPU
	EndGlobalSection
	GlobalSection(SolutionProperties) = preSolution
		HideSolutionNode = FALSE
	EndGlobalSection
	GlobalSection(ExtensibilityGlobals) = postSolution
		SolutionGuid = {358F3BEB-9BF7-4C50-8D42-2A9266E65BC0}
	EndGlobalSection
EndGlobal
